{
  "object": {
    "pins": [
      {
        "package": "Minizip",
        "repositoryURL": "https://github.com/sinoru/minizip.git",
        "state": {
          "branch": "9f7e70eb",
          "revision": "9f7e70eb9bddfe771ecf8c1ba6fd5b59b539d88b",
          "version": null
        }
      },
      {
        "package": "SNFoundation",
        "repositoryURL": "https://github.com/sinoru/SNFoundation.swift.git",
        "state": {
          "branch": null,
          "revision": "a88de38108d5bc06be02b57bc2707483907c5356",
          "version": null
        }
      }
    ]
  },
  "version": 1
}
